// !$*UTF8*$!
{
	archiveVersion = 1;
	classes = {
	};
	objectVersion = 46;
	objects = {

/* Begin PBXBuildFile section */
		6E1BF69D1C47619900E33462 /* CODataImportUnitTest.m in Sources */ = {isa = PBXBuildFile; fileRef = 6E1BF69C1C47619900E33462 /* CODataImportUnitTest.m */; };
		6E1BF69F1C47619900E33462 /* libCODataImport.a in Frameworks */ = {isa = PBXBuildFile; fileRef = 6E54870B1BB8F79C003E0D0A /* libCODataImport.a */; };
		6E1BF6BA1C4798CE00E33462 /* UnitTestCoreDataQueue.m in Sources */ = {isa = PBXBuildFile; fileRef = 6E1BF6B91C4798CE00E33462 /* UnitTestCoreDataQueue.m */; };
		6E1BF6BC1C479B0B00E33462 /* CoreData.framework in Frameworks */ = {isa = PBXBuildFile; fileRef = 6E84B7C31BE76F1B00BB5446 /* CoreData.framework */; };
		6E2229661BE85D3C009A0C50 /* COCoreDataBlockOperation.m in Sources */ = {isa = PBXBuildFile; fileRef = 6E2229611BE85D3C009A0C50 /* COCoreDataBlockOperation.m */; };
		6E2229681BE85D3C009A0C50 /* COCoreDataQueue.m in Sources */ = {isa = PBXBuildFile; fileRef = 6E2229651BE85D3C009A0C50 /* COCoreDataQueue.m */; };
		6E4105B71BE8A01500151BDB /* COCoreDataImportOperation.m in Sources */ = {isa = PBXBuildFile; fileRef = 6E4105B61BE8A01500151BDB /* COCoreDataImportOperation.m */; };
		6E4FC9B81D49C45900D5C576 /* CODataImportWithSaveToPersistentStoreUnitTest.m in Sources */ = {isa = PBXBuildFile; fileRef = 6E4FC9B61D49C45900D5C576 /* CODataImportWithSaveToPersistentStoreUnitTest.m */; };
		6E7310E71D96F51300C2CF61 /* SmallSample.m in Sources */ = {isa = PBXBuildFile; fileRef = 6E7310E61D96F51300C2CF61 /* SmallSample.m */; };
		6E84B7C41BE76F1B00BB5446 /* CoreData.framework in Frameworks */ = {isa = PBXBuildFile; fileRef = 6E84B7C31BE76F1B00BB5446 /* CoreData.framework */; };
		6EA261BC1C4C9B7900AC5316 /* Room+CoreDataProperties.m in Sources */ = {isa = PBXBuildFile; fileRef = 6EA261B91C4C9B7900AC5316 /* Room+CoreDataProperties.m */; };
		6EA261BD1C4C9B7900AC5316 /* Room.m in Sources */ = {isa = PBXBuildFile; fileRef = 6EA261BB1C4C9B7900AC5316 /* Room.m */; };
		6ED3DBA91C47A84100DA284B /* Model.xcdatamodeld in Sources */ = {isa = PBXBuildFile; fileRef = 6ED3DBA71C47A84100DA284B /* Model.xcdatamodeld */; };
		6ED3DBAA1C47A84100DA284B /* Model.xcdatamodeld in Sources */ = {isa = PBXBuildFile; fileRef = 6ED3DBA71C47A84100DA284B /* Model.xcdatamodeld */; };
		6ED3DBB01C47A86000DA284B /* Student+CoreDataProperties.m in Sources */ = {isa = PBXBuildFile; fileRef = 6ED3DBAC1C47A86000DA284B /* Student+CoreDataProperties.m */; };
		6ED3DBB21C47A86000DA284B /* Student.m in Sources */ = {isa = PBXBuildFile; fileRef = 6ED3DBAE1C47A86000DA284B /* Student.m */; };
		6ED5E67A1C4CDA40002973EC /* COImportDataWithCleanUp.m in Sources */ = {isa = PBXBuildFile; fileRef = 6ED5E6791C4CDA40002973EC /* COImportDataWithCleanUp.m */; };
		6ED5E67F1C4CE4BD002973EC /* Room_Student+CoreDataProperties.m in Sources */ = {isa = PBXBuildFile; fileRef = 6ED5E67C1C4CE4BD002973EC /* Room_Student+CoreDataProperties.m */; };
		6ED5E6801C4CE4BD002973EC /* Room_Student.m in Sources */ = {isa = PBXBuildFile; fileRef = 6ED5E67E1C4CE4BD002973EC /* Room_Student.m */; };
		6EDDD9E51C4E582F00D43085 /* TestingUtils.m in Sources */ = {isa = PBXBuildFile; fileRef = 6EDDD9E41C4E582F00D43085 /* TestingUtils.m */; };
		93E70871F99C8E7C20F49D25 /* Pods_CODataImportUnitTest.framework in Frameworks */ = {isa = PBXBuildFile; fileRef = 9B55B555CA97A999C3303A97 /* Pods_CODataImportUnitTest.framework */; };
		D1196CFF9B3F3FD1501684D6 /* Pods_CODataImport.framework in Frameworks */ = {isa = PBXBuildFile; fileRef = 7FB071B717855125B8A753DE /* Pods_CODataImport.framework */; };
/* End PBXBuildFile section */

/* Begin PBXContainerItemProxy section */
		6E1BF6A01C47619900E33462 /* PBXContainerItemProxy */ = {
			isa = PBXContainerItemProxy;
			containerPortal = 6E5487031BB8F79C003E0D0A /* Project object */;
			proxyType = 1;
			remoteGlobalIDString = 6E54870A1BB8F79C003E0D0A;
			remoteInfo = CODataImport;
		};
/* End PBXContainerItemProxy section */

/* Begin PBXCopyFilesBuildPhase section */
		6E5487091BB8F79C003E0D0A /* CopyFiles */ = {
			isa = PBXCopyFilesBuildPhase;
			buildActionMask = 2147483647;
			dstPath = "include/$(PRODUCT_NAME)";
			dstSubfolderSpec = 16;
			files = (
			);
			runOnlyForDeploymentPostprocessing = 0;
		};
/* End PBXCopyFilesBuildPhase section */

/* Begin PBXFileReference section */
		1FE5A5EE62C341B1A743B0D4 /* Pods-CODataImportUnitTest.debug.xcconfig */ = {isa = PBXFileReference; includeInIndex = 1; lastKnownFileType = text.xcconfig; name = "Pods-CODataImportUnitTest.debug.xcconfig"; path = "Pods/Target Support Files/Pods-CODataImportUnitTest/Pods-CODataImportUnitTest.debug.xcconfig"; sourceTree = "<group>"; };
		6E1BF69A1C47619900E33462 /* CODataImportUnitTest.xctest */ = {isa = PBXFileReference; explicitFileType = wrapper.cfbundle; includeInIndex = 0; path = CODataImportUnitTest.xctest; sourceTree = BUILT_PRODUCTS_DIR; };
		6E1BF69C1C47619900E33462 /* CODataImportUnitTest.m */ = {isa = PBXFileReference; lastKnownFileType = sourcecode.c.objc; path = CODataImportUnitTest.m; sourceTree = "<group>"; };
		6E1BF69E1C47619900E33462 /* Info.plist */ = {isa = PBXFileReference; lastKnownFileType = text.plist.xml; path = Info.plist; sourceTree = "<group>"; };
		6E1BF6B81C4798CE00E33462 /* UnitTestCoreDataQueue.h */ = {isa = PBXFileReference; fileEncoding = 4; lastKnownFileType = sourcecode.c.h; path = UnitTestCoreDataQueue.h; sourceTree = "<group>"; };
		6E1BF6B91C4798CE00E33462 /* UnitTestCoreDataQueue.m */ = {isa = PBXFileReference; fileEncoding = 4; lastKnownFileType = sourcecode.c.objc; path = UnitTestCoreDataQueue.m; sourceTree = "<group>"; };
		6E2229601BE85D3C009A0C50 /* COCoreDataBlockOperation.h */ = {isa = PBXFileReference; fileEncoding = 4; lastKnownFileType = sourcecode.c.h; path = COCoreDataBlockOperation.h; sourceTree = "<group>"; };
		6E2229611BE85D3C009A0C50 /* COCoreDataBlockOperation.m */ = {isa = PBXFileReference; fileEncoding = 4; lastKnownFileType = sourcecode.c.objc; path = COCoreDataBlockOperation.m; sourceTree = "<group>"; };
		6E2229641BE85D3C009A0C50 /* COCoreDataQueue.h */ = {isa = PBXFileReference; fileEncoding = 4; lastKnownFileType = sourcecode.c.h; path = COCoreDataQueue.h; sourceTree = "<group>"; };
		6E2229651BE85D3C009A0C50 /* COCoreDataQueue.m */ = {isa = PBXFileReference; fileEncoding = 4; lastKnownFileType = sourcecode.c.objc; path = COCoreDataQueue.m; sourceTree = "<group>"; };
		6E4105B41BE8730700151BDB /* CODataImport.h */ = {isa = PBXFileReference; fileEncoding = 4; lastKnownFileType = sourcecode.c.h; path = CODataImport.h; sourceTree = "<group>"; };
		6E4105B51BE8A01500151BDB /* COCoreDataImportOperation.h */ = {isa = PBXFileReference; fileEncoding = 4; lastKnownFileType = sourcecode.c.h; path = COCoreDataImportOperation.h; sourceTree = "<group>"; };
		6E4105B61BE8A01500151BDB /* COCoreDataImportOperation.m */ = {isa = PBXFileReference; fileEncoding = 4; lastKnownFileType = sourcecode.c.objc; path = COCoreDataImportOperation.m; sourceTree = "<group>"; };
		6E4FC9B61D49C45900D5C576 /* CODataImportWithSaveToPersistentStoreUnitTest.m */ = {isa = PBXFileReference; fileEncoding = 4; lastKnownFileType = sourcecode.c.objc; path = CODataImportWithSaveToPersistentStoreUnitTest.m; sourceTree = "<group>"; };
		6E54870B1BB8F79C003E0D0A /* libCODataImport.a */ = {isa = PBXFileReference; explicitFileType = archive.ar; includeInIndex = 0; path = libCODataImport.a; sourceTree = BUILT_PRODUCTS_DIR; };
		6E7310E61D96F51300C2CF61 /* SmallSample.m */ = {isa = PBXFileReference; fileEncoding = 4; lastKnownFileType = sourcecode.c.objc; path = SmallSample.m; sourceTree = "<group>"; };
		6E84B7C31BE76F1B00BB5446 /* CoreData.framework */ = {isa = PBXFileReference; lastKnownFileType = wrapper.framework; name = CoreData.framework; path = System/Library/Frameworks/CoreData.framework; sourceTree = SDKROOT; };
		6EA261B81C4C9B7900AC5316 /* Room+CoreDataProperties.h */ = {isa = PBXFileReference; fileEncoding = 4; lastKnownFileType = sourcecode.c.h; path = "Room+CoreDataProperties.h"; sourceTree = "<group>"; };
		6EA261B91C4C9B7900AC5316 /* Room+CoreDataProperties.m */ = {isa = PBXFileReference; fileEncoding = 4; lastKnownFileType = sourcecode.c.objc; path = "Room+CoreDataProperties.m"; sourceTree = "<group>"; };
		6EA261BA1C4C9B7900AC5316 /* Room.h */ = {isa = PBXFileReference; fileEncoding = 4; lastKnownFileType = sourcecode.c.h; path = Room.h; sourceTree = "<group>"; };
		6EA261BB1C4C9B7900AC5316 /* Room.m */ = {isa = PBXFileReference; fileEncoding = 4; lastKnownFileType = sourcecode.c.objc; path = Room.m; sourceTree = "<group>"; };
		6ED3DBA81C47A84100DA284B /* Model.xcdatamodel */ = {isa = PBXFileReference; lastKnownFileType = wrapper.xcdatamodel; path = Model.xcdatamodel; sourceTree = "<group>"; };
		6ED3DBAB1C47A86000DA284B /* Student+CoreDataProperties.h */ = {isa = PBXFileReference; fileEncoding = 4; lastKnownFileType = sourcecode.c.h; path = "Student+CoreDataProperties.h"; sourceTree = "<group>"; };
		6ED3DBAC1C47A86000DA284B /* Student+CoreDataProperties.m */ = {isa = PBXFileReference; fileEncoding = 4; lastKnownFileType = sourcecode.c.objc; path = "Student+CoreDataProperties.m"; sourceTree = "<group>"; };
		6ED3DBAD1C47A86000DA284B /* Student.h */ = {isa = PBXFileReference; fileEncoding = 4; lastKnownFileType = sourcecode.c.h; path = Student.h; sourceTree = "<group>"; };
		6ED3DBAE1C47A86000DA284B /* Student.m */ = {isa = PBXFileReference; fileEncoding = 4; lastKnownFileType = sourcecode.c.objc; path = Student.m; sourceTree = "<group>"; };
		6ED5E6791C4CDA40002973EC /* COImportDataWithCleanUp.m */ = {isa = PBXFileReference; fileEncoding = 4; lastKnownFileType = sourcecode.c.objc; path = COImportDataWithCleanUp.m; sourceTree = "<group>"; };
		6ED5E67B1C4CE4BD002973EC /* Room_Student+CoreDataProperties.h */ = {isa = PBXFileReference; fileEncoding = 4; lastKnownFileType = sourcecode.c.h; path = "Room_Student+CoreDataProperties.h"; sourceTree = "<group>"; };
		6ED5E67C1C4CE4BD002973EC /* Room_Student+CoreDataProperties.m */ = {isa = PBXFileReference; fileEncoding = 4; lastKnownFileType = sourcecode.c.objc; path = "Room_Student+CoreDataProperties.m"; sourceTree = "<group>"; };
		6ED5E67D1C4CE4BD002973EC /* Room_Student.h */ = {isa = PBXFileReference; fileEncoding = 4; lastKnownFileType = sourcecode.c.h; path = Room_Student.h; sourceTree = "<group>"; };
		6ED5E67E1C4CE4BD002973EC /* Room_Student.m */ = {isa = PBXFileReference; fileEncoding = 4; lastKnownFileType = sourcecode.c.objc; path = Room_Student.m; sourceTree = "<group>"; };
		6EDDD9E31C4E582F00D43085 /* TestingUtils.h */ = {isa = PBXFileReference; fileEncoding = 4; lastKnownFileType = sourcecode.c.h; path = TestingUtils.h; sourceTree = "<group>"; };
		6EDDD9E41C4E582F00D43085 /* TestingUtils.m */ = {isa = PBXFileReference; fileEncoding = 4; lastKnownFileType = sourcecode.c.objc; path = TestingUtils.m; sourceTree = "<group>"; };
		7740DD3BCA64977871D0C429 /* Pods-CODataImportUnitTest.release.xcconfig */ = {isa = PBXFileReference; includeInIndex = 1; lastKnownFileType = text.xcconfig; name = "Pods-CODataImportUnitTest.release.xcconfig"; path = "Pods/Target Support Files/Pods-CODataImportUnitTest/Pods-CODataImportUnitTest.release.xcconfig"; sourceTree = "<group>"; };
		7FB071B717855125B8A753DE /* Pods_CODataImport.framework */ = {isa = PBXFileReference; explicitFileType = wrapper.framework; includeInIndex = 0; path = Pods_CODataImport.framework; sourceTree = BUILT_PRODUCTS_DIR; };
		9B55B555CA97A999C3303A97 /* Pods_CODataImportUnitTest.framework */ = {isa = PBXFileReference; explicitFileType = wrapper.framework; includeInIndex = 0; path = Pods_CODataImportUnitTest.framework; sourceTree = BUILT_PRODUCTS_DIR; };
		CDD5A02ED387567EF7123BE8 /* Pods-CODataImport.debug.xcconfig */ = {isa = PBXFileReference; includeInIndex = 1; lastKnownFileType = text.xcconfig; name = "Pods-CODataImport.debug.xcconfig"; path = "Pods/Target Support Files/Pods-CODataImport/Pods-CODataImport.debug.xcconfig"; sourceTree = "<group>"; };
		E61E423A01E1C5EC0502D981 /* Pods-CODataImport.release.xcconfig */ = {isa = PBXFileReference; includeInIndex = 1; lastKnownFileType = text.xcconfig; name = "Pods-CODataImport.release.xcconfig"; path = "Pods/Target Support Files/Pods-CODataImport/Pods-CODataImport.release.xcconfig"; sourceTree = "<group>"; };
/* End PBXFileReference section */

/* Begin PBXFrameworksBuildPhase section */
		6E1BF6971C47619900E33462 /* Frameworks */ = {
			isa = PBXFrameworksBuildPhase;
			buildActionMask = 2147483647;
			files = (
				6E1BF69F1C47619900E33462 /* libCODataImport.a in Frameworks */,
				6E1BF6BC1C479B0B00E33462 /* CoreData.framework in Frameworks */,
				93E70871F99C8E7C20F49D25 /* Pods_CODataImportUnitTest.framework in Frameworks */,
			);
			runOnlyForDeploymentPostprocessing = 0;
		};
		6E5487081BB8F79C003E0D0A /* Frameworks */ = {
			isa = PBXFrameworksBuildPhase;
			buildActionMask = 2147483647;
			files = (
				6E84B7C41BE76F1B00BB5446 /* CoreData.framework in Frameworks */,
				D1196CFF9B3F3FD1501684D6 /* Pods_CODataImport.framework in Frameworks */,
			);
			runOnlyForDeploymentPostprocessing = 0;
		};
/* End PBXFrameworksBuildPhase section */

/* Begin PBXGroup section */
		2A890DB3D04C06BD5DCF8834 /* Frameworks */ = {
			isa = PBXGroup;
			children = (
				7FB071B717855125B8A753DE /* Pods_CODataImport.framework */,
				9B55B555CA97A999C3303A97 /* Pods_CODataImportUnitTest.framework */,
			);
			name = Frameworks;
			sourceTree = "<group>";
		};
		6E1BF69B1C47619900E33462 /* CODataImportUnitTest */ = {
			isa = PBXGroup;
			children = (
				6E4FC9B61D49C45900D5C576 /* CODataImportWithSaveToPersistentStoreUnitTest.m */,
				6EDDD9E21C4E580F00D43085 /* Utils */,
				6E1BF6B41C47897E00E33462 /* Models */,
				6E1BF69C1C47619900E33462 /* CODataImportUnitTest.m */,
				6E1BF69E1C47619900E33462 /* Info.plist */,
				6ED5E6791C4CDA40002973EC /* COImportDataWithCleanUp.m */,
				6E7310E61D96F51300C2CF61 /* SmallSample.m */,
			);
			path = CODataImportUnitTest;
			sourceTree = "<group>";
		};
		6E1BF6B41C47897E00E33462 /* Models */ = {
			isa = PBXGroup;
			children = (
				6ED5E67B1C4CE4BD002973EC /* Room_Student+CoreDataProperties.h */,
				6ED5E67C1C4CE4BD002973EC /* Room_Student+CoreDataProperties.m */,
				6ED5E67D1C4CE4BD002973EC /* Room_Student.h */,
				6ED5E67E1C4CE4BD002973EC /* Room_Student.m */,
				6EA261B81C4C9B7900AC5316 /* Room+CoreDataProperties.h */,
				6EA261B91C4C9B7900AC5316 /* Room+CoreDataProperties.m */,
				6EA261BA1C4C9B7900AC5316 /* Room.h */,
				6EA261BB1C4C9B7900AC5316 /* Room.m */,
				6ED3DBAB1C47A86000DA284B /* Student+CoreDataProperties.h */,
				6ED3DBAC1C47A86000DA284B /* Student+CoreDataProperties.m */,
				6ED3DBAD1C47A86000DA284B /* Student.h */,
				6ED3DBAE1C47A86000DA284B /* Student.m */,
				6E1BF6B81C4798CE00E33462 /* UnitTestCoreDataQueue.h */,
				6E1BF6B91C4798CE00E33462 /* UnitTestCoreDataQueue.m */,
				6ED3DBA71C47A84100DA284B /* Model.xcdatamodeld */,
			);
			name = Models;
			sourceTree = "<group>";
		};
		6E5487021BB8F79C003E0D0A = {
			isa = PBXGroup;
			children = (
				6E84B7C31BE76F1B00BB5446 /* CoreData.framework */,
				6E54870D1BB8F79C003E0D0A /* CODataImport */,
				6E1BF69B1C47619900E33462 /* CODataImportUnitTest */,
				6E54870C1BB8F79C003E0D0A /* Products */,
				F73F5B99B8AEBA8F3C8816CB /* Pods */,
				2A890DB3D04C06BD5DCF8834 /* Frameworks */,
			);
			sourceTree = "<group>";
		};
		6E54870C1BB8F79C003E0D0A /* Products */ = {
			isa = PBXGroup;
			children = (
				6E54870B1BB8F79C003E0D0A /* libCODataImport.a */,
				6E1BF69A1C47619900E33462 /* CODataImportUnitTest.xctest */,
			);
			name = Products;
			sourceTree = "<group>";
		};
		6E54870D1BB8F79C003E0D0A /* CODataImport */ = {
			isa = PBXGroup;
			children = (
				6E4105B51BE8A01500151BDB /* COCoreDataImportOperation.h */,
				6E4105B61BE8A01500151BDB /* COCoreDataImportOperation.m */,
				6E4105B41BE8730700151BDB /* CODataImport.h */,
				6E2229601BE85D3C009A0C50 /* COCoreDataBlockOperation.h */,
				6E2229611BE85D3C009A0C50 /* COCoreDataBlockOperation.m */,
				6E2229641BE85D3C009A0C50 /* COCoreDataQueue.h */,
				6E2229651BE85D3C009A0C50 /* COCoreDataQueue.m */,
			);
			path = CODataImport;
			sourceTree = "<group>";
		};
		6EDDD9E21C4E580F00D43085 /* Utils */ = {
			isa = PBXGroup;
			children = (
				6EDDD9E31C4E582F00D43085 /* TestingUtils.h */,
				6EDDD9E41C4E582F00D43085 /* TestingUtils.m */,
			);
			name = Utils;
			sourceTree = "<group>";
		};
		F73F5B99B8AEBA8F3C8816CB /* Pods */ = {
			isa = PBXGroup;
			children = (
				CDD5A02ED387567EF7123BE8 /* Pods-CODataImport.debug.xcconfig */,
				E61E423A01E1C5EC0502D981 /* Pods-CODataImport.release.xcconfig */,
				1FE5A5EE62C341B1A743B0D4 /* Pods-CODataImportUnitTest.debug.xcconfig */,
				7740DD3BCA64977871D0C429 /* Pods-CODataImportUnitTest.release.xcconfig */,
			);
			name = Pods;
			sourceTree = "<group>";
		};
/* End PBXGroup section */

/* Begin PBXNativeTarget section */
		6E1BF6991C47619900E33462 /* CODataImportUnitTest */ = {
			isa = PBXNativeTarget;
			buildConfigurationList = 6E1BF6A41C47619900E33462 /* Build configuration list for PBXNativeTarget "CODataImportUnitTest" */;
			buildPhases = (
				2F9E1A973EE0F01E223F997D /* [CP] Check Pods Manifest.lock */,
				6E1BF6961C47619900E33462 /* Sources */,
				6E1BF6971C47619900E33462 /* Frameworks */,
				6E1BF6981C47619900E33462 /* Resources */,
				1F6CAEA6FA21958AB5C8C4EC /* [CP] Embed Pods Frameworks */,
				7DCA5159D397CF806EE16C79 /* [CP] Copy Pods Resources */,
			);
			buildRules = (
			);
			dependencies = (
				6E1BF6A11C47619900E33462 /* PBXTargetDependency */,
			);
			name = CODataImportUnitTest;
			productName = CODataImportUnitTest;
			productReference = 6E1BF69A1C47619900E33462 /* CODataImportUnitTest.xctest */;
			productType = "com.apple.product-type.bundle.unit-test";
		};
		6E54870A1BB8F79C003E0D0A /* CODataImport */ = {
			isa = PBXNativeTarget;
			buildConfigurationList = 6E5487141BB8F79C003E0D0A /* Build configuration list for PBXNativeTarget "CODataImport" */;
			buildPhases = (
				8AFB5A57A3C6F943AA1315BB /* [CP] Check Pods Manifest.lock */,
				6E5487071BB8F79C003E0D0A /* Sources */,
				6E5487081BB8F79C003E0D0A /* Frameworks */,
				6E5487091BB8F79C003E0D0A /* CopyFiles */,
				D689648DA40C34CE67635225 /* [CP] Copy Pods Resources */,
			);
			buildRules = (
			);
			dependencies = (
			);
			name = CODataImport;
			productName = CODataImport;
			productReference = 6E54870B1BB8F79C003E0D0A /* libCODataImport.a */;
			productType = "com.apple.product-type.library.static";
		};
/* End PBXNativeTarget section */

/* Begin PBXProject section */
		6E5487031BB8F79C003E0D0A /* Project object */ = {
			isa = PBXProject;
			attributes = {
				LastUpgradeCheck = 0700;
				ORGANIZATIONNAME = "Tran Kien";
				TargetAttributes = {
					6E1BF6991C47619900E33462 = {
						CreatedOnToolsVersion = 7.2;
						DevelopmentTeam = 73HL765W2D;
					};
					6E54870A1BB8F79C003E0D0A = {
						CreatedOnToolsVersion = 7.0;
					};
				};
			};
			buildConfigurationList = 6E5487061BB8F79C003E0D0A /* Build configuration list for PBXProject "CODataImport" */;
			compatibilityVersion = "Xcode 3.2";
			developmentRegion = English;
			hasScannedForEncodings = 0;
			knownRegions = (
				en,
			);
			mainGroup = 6E5487021BB8F79C003E0D0A;
			productRefGroup = 6E54870C1BB8F79C003E0D0A /* Products */;
			projectDirPath = "";
			projectRoot = "";
			targets = (
				6E54870A1BB8F79C003E0D0A /* CODataImport */,
				6E1BF6991C47619900E33462 /* CODataImportUnitTest */,
			);
		};
/* End PBXProject section */

/* Begin PBXResourcesBuildPhase section */
		6E1BF6981C47619900E33462 /* Resources */ = {
			isa = PBXResourcesBuildPhase;
			buildActionMask = 2147483647;
			files = (
			);
			runOnlyForDeploymentPostprocessing = 0;
		};
/* End PBXResourcesBuildPhase section */

/* Begin PBXShellScriptBuildPhase section */
		1F6CAEA6FA21958AB5C8C4EC /* [CP] Embed Pods Frameworks */ = {
			isa = PBXShellScriptBuildPhase;
			buildActionMask = 2147483647;
			files = (
			);
			inputPaths = (
			);
			name = "[CP] Embed Pods Frameworks";
			outputPaths = (
			);
			runOnlyForDeploymentPostprocessing = 0;
			shellPath = /bin/sh;
			shellScript = "\"${SRCROOT}/Pods/Target Support Files/Pods-CODataImportUnitTest/Pods-CODataImportUnitTest-frameworks.sh\"\n";
			showEnvVarsInLog = 0;
		};
		2F9E1A973EE0F01E223F997D /* [CP] Check Pods Manifest.lock */ = {
			isa = PBXShellScriptBuildPhase;
			buildActionMask = 2147483647;
			files = (
			);
			inputPaths = (
			);
			name = "[CP] Check Pods Manifest.lock";
			outputPaths = (
			);
			runOnlyForDeploymentPostprocessing = 0;
			shellPath = /bin/sh;
			shellScript = "diff \"${PODS_ROOT}/../Podfile.lock\" \"${PODS_ROOT}/Manifest.lock\" > /dev/null\nif [ $? != 0 ] ; then\n    # print error to STDERR\n    echo \"error: The sandbox is not in sync with the Podfile.lock. Run 'pod install' or update your CocoaPods installation.\" >&2\n    exit 1\nfi\n";
			showEnvVarsInLog = 0;
		};
		7DCA5159D397CF806EE16C79 /* [CP] Copy Pods Resources */ = {
			isa = PBXShellScriptBuildPhase;
			buildActionMask = 2147483647;
			files = (
			);
			inputPaths = (
			);
			name = "[CP] Copy Pods Resources";
			outputPaths = (
			);
			runOnlyForDeploymentPostprocessing = 0;
			shellPath = /bin/sh;
			shellScript = "\"${SRCROOT}/Pods/Target Support Files/Pods-CODataImportUnitTest/Pods-CODataImportUnitTest-resources.sh\"\n";
			showEnvVarsInLog = 0;
		};
		8AFB5A57A3C6F943AA1315BB /* [CP] Check Pods Manifest.lock */ = {
			isa = PBXShellScriptBuildPhase;
			buildActionMask = 2147483647;
			files = (
			);
			inputPaths = (
			);
			name = "[CP] Check Pods Manifest.lock";
			outputPaths = (
			);
			runOnlyForDeploymentPostprocessing = 0;
			shellPath = /bin/sh;
			shellScript = "diff \"${PODS_ROOT}/../Podfile.lock\" \"${PODS_ROOT}/Manifest.lock\" > /dev/null\nif [ $? != 0 ] ; then\n    # print error to STDERR\n    echo \"error: The sandbox is not in sync with the Podfile.lock. Run 'pod install' or update your CocoaPods installation.\" >&2\n    exit 1\nfi\n";
			showEnvVarsInLog = 0;
		};
		D689648DA40C34CE67635225 /* [CP] Copy Pods Resources */ = {
			isa = PBXShellScriptBuildPhase;
			buildActionMask = 2147483647;
			files = (
			);
			inputPaths = (
			);
			name = "[CP] Copy Pods Resources";
			outputPaths = (
			);
			runOnlyForDeploymentPostprocessing = 0;
			shellPath = /bin/sh;
			shellScript = "\"${SRCROOT}/Pods/Target Support Files/Pods-CODataImport/Pods-CODataImport-resources.sh\"\n";
			showEnvVarsInLog = 0;
		};
/* End PBXShellScriptBuildPhase section */

/* Begin PBXSourcesBuildPhase section */
		6E1BF6961C47619900E33462 /* Sources */ = {
			isa = PBXSourcesBuildPhase;
			buildActionMask = 2147483647;
			files = (
				6EA261BC1C4C9B7900AC5316 /* Room+CoreDataProperties.m in Sources */,
				6E1BF69D1C47619900E33462 /* CODataImportUnitTest.m in Sources */,
				6ED5E6801C4CE4BD002973EC /* Room_Student.m in Sources */,
				6ED5E67F1C4CE4BD002973EC /* Room_Student+CoreDataProperties.m in Sources */,
				6ED3DBB01C47A86000DA284B /* Student+CoreDataProperties.m in Sources */,
				6ED3DBB21C47A86000DA284B /* Student.m in Sources */,
				6E1BF6BA1C4798CE00E33462 /* UnitTestCoreDataQueue.m in Sources */,
				6E7310E71D96F51300C2CF61 /* SmallSample.m in Sources */,
				6EDDD9E51C4E582F00D43085 /* TestingUtils.m in Sources */,
				6EA261BD1C4C9B7900AC5316 /* Room.m in Sources */,
				6E4FC9B81D49C45900D5C576 /* CODataImportWithSaveToPersistentStoreUnitTest.m in Sources */,
				6ED3DBAA1C47A84100DA284B /* Model.xcdatamodeld in Sources */,
				6ED5E67A1C4CDA40002973EC /* COImportDataWithCleanUp.m in Sources */,
			);
			runOnlyForDeploymentPostprocessing = 0;
		};
		6E5487071BB8F79C003E0D0A /* Sources */ = {
			isa = PBXSourcesBuildPhase;
			buildActionMask = 2147483647;
			files = (
				6E2229661BE85D3C009A0C50 /* COCoreDataBlockOperation.m in Sources */,
				6E2229681BE85D3C009A0C50 /* COCoreDataQueue.m in Sources */,
				6E4105B71BE8A01500151BDB /* COCoreDataImportOperation.m in Sources */,
				6ED3DBA91C47A84100DA284B /* Model.xcdatamodeld in Sources */,
			);
			runOnlyForDeploymentPostprocessing = 0;
		};
/* End PBXSourcesBuildPhase section */

/* Begin PBXTargetDependency section */
		6E1BF6A11C47619900E33462 /* PBXTargetDependency */ = {
			isa = PBXTargetDependency;
			target = 6E54870A1BB8F79C003E0D0A /* CODataImport */;
			targetProxy = 6E1BF6A01C47619900E33462 /* PBXContainerItemProxy */;
		};
/* End PBXTargetDependency section */

/* Begin XCBuildConfiguration section */
		6E1BF6A21C47619900E33462 /* Debug */ = {
			isa = XCBuildConfiguration;
			baseConfigurationReference = 1FE5A5EE62C341B1A743B0D4 /* Pods-CODataImportUnitTest.debug.xcconfig */;
			buildSettings = {
				"CODE_SIGN_IDENTITY[sdk=iphoneos*]" = "iPhone Developer";
				DEVELOPMENT_TEAM = 73HL765W2D;
				ENABLE_BITCODE = NO;
				INFOPLIST_FILE = CODataImportUnitTest/Info.plist;
				IPHONEOS_DEPLOYMENT_TARGET = 9.2;
				LD_RUNPATH_SEARCH_PATHS = "$(inherited) @executable_path/Frameworks @loader_path/Frameworks @loader_path/../Frameworks @executable_path/../Frameworks";
				PRODUCT_BUNDLE_IDENTIFIER = TTK.CODataImportUnitTest;
				PRODUCT_NAME = "$(TARGET_NAME)";
			};
			name = Debug;
		};
		6E1BF6A31C47619900E33462 /* Release */ = {
			isa = XCBuildConfiguration;
			baseConfigurationReference = 7740DD3BCA64977871D0C429 /* Pods-CODataImportUnitTest.release.xcconfig */;
			buildSettings = {
				"CODE_SIGN_IDENTITY[sdk=iphoneos*]" = "iPhone Developer";
				DEVELOPMENT_TEAM = 73HL765W2D;
				ENABLE_BITCODE = NO;
				INFOPLIST_FILE = CODataImportUnitTest/Info.plist;
				IPHONEOS_DEPLOYMENT_TARGET = 9.2;
				LD_RUNPATH_SEARCH_PATHS = "$(inherited) @executable_path/Frameworks @loader_path/Frameworks @loader_path/../Frameworks @executable_path/../Frameworks";
				PRODUCT_BUNDLE_IDENTIFIER = TTK.CODataImportUnitTest;
				PRODUCT_NAME = "$(TARGET_NAME)";
			};
			name = Release;
		};
		6E5487121BB8F79C003E0D0A /* Debug */ = {
			isa = XCBuildConfiguration;
			buildSettings = {
				ALWAYS_SEARCH_USER_PATHS = NO;
				CLANG_CXX_LANGUAGE_STANDARD = "gnu++0x";
				CLANG_CXX_LIBRARY = "libc++";
				CLANG_ENABLE_MODULES = YES;
				CLANG_ENABLE_OBJC_ARC = YES;
				CLANG_WARN_BOOL_CONVERSION = YES;
				CLANG_WARN_CONSTANT_CONVERSION = YES;
				CLANG_WARN_DIRECT_OBJC_ISA_USAGE = YES_ERROR;
				CLANG_WARN_EMPTY_BODY = YES;
				CLANG_WARN_ENUM_CONVERSION = YES;
				CLANG_WARN_INT_CONVERSION = YES;
				CLANG_WARN_OBJC_ROOT_CLASS = YES_ERROR;
				CLANG_WARN_UNREACHABLE_CODE = YES;
				CLANG_WARN__DUPLICATE_METHOD_MATCH = YES;
				COPY_PHASE_STRIP = NO;
				DEBUG_INFORMATION_FORMAT = dwarf;
				ENABLE_STRICT_OBJC_MSGSEND = YES;
				ENABLE_TESTABILITY = YES;
				GCC_C_LANGUAGE_STANDARD = gnu99;
				GCC_DYNAMIC_NO_PIC = NO;
				GCC_NO_COMMON_BLOCKS = YES;
				GCC_OPTIMIZATION_LEVEL = 0;
				GCC_PREPROCESSOR_DEFINITIONS = (
					"DEBUG=1",
					"$(inherited)",
				);
				GCC_WARN_64_TO_32_BIT_CONVERSION = YES;
				GCC_WARN_ABOUT_RETURN_TYPE = YES_ERROR;
				GCC_WARN_UNDECLARED_SELECTOR = YES;
				GCC_WARN_UNINITIALIZED_AUTOS = YES_AGGRESSIVE;
				GCC_WARN_UNUSED_FUNCTION = YES;
				GCC_WARN_UNUSED_VARIABLE = YES;
				IPHONEOS_DEPLOYMENT_TARGET = 8.0;
				MTL_ENABLE_DEBUG_INFO = YES;
				ONLY_ACTIVE_ARCH = YES;
				SDKROOT = iphoneos;
			};
			name = Debug;
		};
		6E5487131BB8F79C003E0D0A /* Release */ = {
			isa = XCBuildConfiguration;
			buildSettings = {
				ALWAYS_SEARCH_USER_PATHS = NO;
				CLANG_CXX_LANGUAGE_STANDARD = "gnu++0x";
				CLANG_CXX_LIBRARY = "libc++";
				CLANG_ENABLE_MODULES = YES;
				CLANG_ENABLE_OBJC_ARC = YES;
				CLANG_WARN_BOOL_CONVERSION = YES;
				CLANG_WARN_CONSTANT_CONVERSION = YES;
				CLANG_WARN_DIRECT_OBJC_ISA_USAGE = YES_ERROR;
				CLANG_WARN_EMPTY_BODY = YES;
				CLANG_WARN_ENUM_CONVERSION = YES;
				CLANG_WARN_INT_CONVERSION = YES;
				CLANG_WARN_OBJC_ROOT_CLASS = YES_ERROR;
				CLANG_WARN_UNREACHABLE_CODE = YES;
				CLANG_WARN__DUPLICATE_METHOD_MATCH = YES;
				COPY_PHASE_STRIP = NO;
				DEBUG_INFORMATION_FORMAT = "dwarf-with-dsym";
				ENABLE_NS_ASSERTIONS = NO;
				ENABLE_STRICT_OBJC_MSGSEND = YES;
				GCC_C_LANGUAGE_STANDARD = gnu99;
				GCC_NO_COMMON_BLOCKS = YES;
				GCC_WARN_64_TO_32_BIT_CONVERSION = YES;
				GCC_WARN_ABOUT_RETURN_TYPE = YES_ERROR;
				GCC_WARN_UNDECLARED_SELECTOR = YES;
				GCC_WARN_UNINITIALIZED_AUTOS = YES_AGGRESSIVE;
				GCC_WARN_UNUSED_FUNCTION = YES;
				GCC_WARN_UNUSED_VARIABLE = YES;
				IPHONEOS_DEPLOYMENT_TARGET = 8.0;
				MTL_ENABLE_DEBUG_INFO = NO;
				SDKROOT = iphoneos;
				VALIDATE_PRODUCT = YES;
			};
			name = Release;
		};
		6E5487151BB8F79C003E0D0A /* Debug */ = {
			isa = XCBuildConfiguration;
			baseConfigurationReference = CDD5A02ED387567EF7123BE8 /* Pods-CODataImport.debug.xcconfig */;
			buildSettings = {
				DEFINES_MODULE = YES;
				ENABLE_BITCODE = NO;
				MACH_O_TYPE = mh_dylib;
				OTHER_LDFLAGS = "-ObjC";
				PRODUCT_NAME = "$(TARGET_NAME)";
				SKIP_INSTALL = YES;
			};
			name = Debug;
		};
		6E5487161BB8F79C003E0D0A /* Release */ = {
			isa = XCBuildConfiguration;
			baseConfigurationReference = E61E423A01E1C5EC0502D981 /* Pods-CODataImport.release.xcconfig */;
			buildSettings = {
				DEFINES_MODULE = YES;
				ENABLE_BITCODE = NO;
				MACH_O_TYPE = mh_dylib;
				OTHER_LDFLAGS = "-ObjC";
				PRODUCT_NAME = "$(TARGET_NAME)";
				SKIP_INSTALL = YES;
			};
			name = Release;
		};
/* End XCBuildConfiguration section */

/* Begin XCConfigurationList section */
		6E1BF6A41C47619900E33462 /* Build configuration list for PBXNativeTarget "CODataImportUnitTest" */ = {
			isa = XCConfigurationList;
			buildConfigurations = (
				6E1BF6A21C47619900E33462 /* Debug */,
				6E1BF6A31C47619900E33462 /* Release */,
			);
			defaultConfigurationIsVisible = 0;
			defaultConfigurationName = Release;
		};
		6E5487061BB8F79C003E0D0A /* Build configuration list for PBXProject "CODataImport" */ = {
			isa = XCConfigurationList;
			buildConfigurations = (
				6E5487121BB8F79C003E0D0A /* Debug */,
				6E5487131BB8F79C003E0D0A /* Release */,
			);
			defaultConfigurationIsVisible = 0;
			defaultConfigurationName = Release;
		};
		6E5487141BB8F79C003E0D0A /* Build configuration list for PBXNativeTarget "CODataImport" */ = {
			isa = XCConfigurationList;
			buildConfigurations = (
				6E5487151BB8F79C003E0D0A /* Debug */,
				6E5487161BB8F79C003E0D0A /* Release */,
			);
			defaultConfigurationIsVisible = 0;
			defaultConfigurationName = Release;
		};
/* End XCConfigurationList section */

/* Begin XCVersionGroup section */
		6ED3DBA71C47A84100DA284B /* Model.xcdatamodeld */ = {
			isa = XCVersionGroup;
			children = (
				6ED3DBA81C47A84100DA284B /* Model.xcdatamodel */,
			);
			currentVersion = 6ED3DBA81C47A84100DA284B /* Model.xcdatamodel */;
			path = Model.xcdatamodeld;
			sourceTree = "<group>";
			versionGroupType = wrapper.xcdatamodel;
		};
/* End XCVersionGroup section */
	};
	rootObject = 6E5487031BB8F79C003E0D0A /* Project object */;
}
