PODS:
  - MagicalRecord (2.3.3):
    - MagicalRecord/Core (= 2.3.3)
  - MagicalRecord/Core (2.3.3)

DEPENDENCIES:
  - MagicalRecord (from `https://ttkien@bitbucket.org/kientranprivate/magicalrecord-watchos.git`, branch `watchos_support`)

EXTERNAL SOURCES:
  MagicalRecord:
    :branch: watchos_support
    :git: https://ttkien@bitbucket.org/kientranprivate/magicalrecord-watchos.git

CHECKOUT OPTIONS:
  MagicalRecord:
    :commit: 4b27c7d2b8cc66ea2aaef2479c707892fe73b683
    :git: https://ttkien@bitbucket.org/kientranprivate/magicalrecord-watchos.git

SPEC CHECKSUMS:
  MagicalRecord: 51ff594bcb725083d36806e1d854baecc83806f3

PODFILE CHECKSUM: c8c5e128295cb3be862df3e4710ea742a1a5bc1b

COCOAPODS: 1.2.0.beta.1
