PODS:
  - MagicalRecord (2.3.2):
    - MagicalRecord/Core (= 2.3.2)
  - MagicalRecord/Core (2.3.2)

DEPENDENCIES:
  - MagicalRecord (~> 2.3.2)

SPEC REPOS:
  https://github.com/CocoaPods/Specs.git:
    - MagicalRecord

SPEC CHECKSUMS:
  MagicalRecord: 53bed74b4323b930992a725be713e53b37d19755

PODFILE CHECKSUM: 830afa2a648845b2de98b2f700cb73ccd4f5db46

COCOAPODS: 1.16.2
