PODS:
  - MagicalRecord (2.3.2):
    - MagicalRecord/Core (= 2.3.2)
  - MagicalRecord/Core (2.3.2)

DEPENDENCIES:
  - MagicalRecord (~> 2.3.2)

SPEC REPOS:
  https://github.com/CocoaPods/Specs.git:
    - MagicalRecord

SPEC CHECKSUMS:
  MagicalRecord: 53bed74b4323b930992a725be713e53b37d19755

PODFILE CHECKSUM: cdb7f79af974a983f398dc25c019a981d3a81ad4

COCOAPODS: 1.16.2
